
Microsoft Visual Studio Solution File, Format Version 12.00
# Visual Studio Version 17
VisualStudioVersion = 17.6.33801.468
MinimumVisualStudioVersion = 10.0.40219.1
Project("{FAE04EC0-301F-11D3-BF4B-00C04F79EFBC}") = "TaxApp", "TaxApp\TaxApp.csproj", "{625CFD08-0099-47B7-AD0D-BCB1AC054C4C}"
EndProject
Global
	GlobalSection(SolutionConfigurationPlatforms) = preSolution
		Debug|Any CPU = Debug|Any CPU
		Release|Any CPU = Release|Any CPU
	EndGlobalSection
	GlobalSection(ProjectConfigurationPlatforms) = postSolution
		{625CFD08-0099-47B7-AD0D-BCB1AC054C4C}.Debug|Any CPU.ActiveCfg = Debug|Any CPU
		{625CFD08-0099-47B7-AD0D-BCB1AC054C4C}.Debug|Any CPU.Build.0 = Debug|Any CPU
		{625CFD08-0099-47B7-AD0D-BCB1AC054C4C}.Release|Any CPU.ActiveCfg = Release|Any CPU
		{625CFD08-0099-47B7-AD0D-BCB1AC054C4C}.Release|Any CPU.Build.0 = Release|Any CPU
	EndGlobalSection
	GlobalSection(SolutionProperties) = preSolution
		HideSolutionNode = FALSE
	EndGlobalSection
	GlobalSection(ExtensibilityGlobals) = postSolution
		SolutionGuid = {1B5DEE41-368A-4FEF-B2DE-700CE1ED541F}
	EndGlobalSection
EndGlobal
