
Microsoft Visual Studio Solution File, Format Version 12.00
# Visual Studio Version 16
VisualStudioVersion = 16.0.33801.447
MinimumVisualStudioVersion = 10.0.40219.1
Project("{FAE04EC0-301F-11D3-BF4B-00C04F79EFBC}") = "hihi", "hihi\hihi.csproj", "{6395E9B5-70E7-4403-9FE7-6BCA5B99A147}"
EndProject
Global
	GlobalSection(SolutionConfigurationPlatforms) = preSolution
		Debug|Any CPU = Debug|Any CPU
		Release|Any CPU = Release|Any CPU
	EndGlobalSection
	GlobalSection(ProjectConfigurationPlatforms) = postSolution
		{6395E9B5-70E7-4403-9FE7-6BCA5B99A147}.Debug|Any CPU.ActiveCfg = Debug|Any CPU
		{6395E9B5-70E7-4403-9FE7-6BCA5B99A147}.Debug|Any CPU.Build.0 = Debug|Any CPU
		{6395E9B5-70E7-4403-9FE7-6BCA5B99A147}.Release|Any CPU.ActiveCfg = Release|Any CPU
		{6395E9B5-70E7-4403-9FE7-6BCA5B99A147}.Release|Any CPU.Build.0 = Release|Any CPU
	EndGlobalSection
	GlobalSection(SolutionProperties) = preSolution
		HideSolutionNode = FALSE
	EndGlobalSection
	GlobalSection(ExtensibilityGlobals) = postSolution
		SolutionGuid = {91FF949F-02C8-452E-AE1C-37D3A4575154}
	EndGlobalSection
EndGlobal
